
Microsoft Visual Studio Solution File, Format Version 12.00
# Visual Studio 15
VisualStudioVersion = 15.0.28307.779
MinimumVisualStudioVersion = 10.0.40219.1
Project("{FAE04EC0-301F-11D3-BF4B-00C04F79EFBC}") = "ZarAt", "ZarAt\ZarAt.csproj", "{AFD246FB-9966-4386-AB01-6D6FD16781C5}"
EndProject
Project("{FAE04EC0-301F-11D3-BF4B-00C04F79EFBC}") = "SlowMotionZarAt", "SlowMotionZarAt\SlowMotionZarAt.csproj", "{151440C5-5082-4A24-A408-E2A0584FFEA4}"
EndProject
Project("{FAE04EC0-301F-11D3-BF4B-00C04F79EFBC}") = "SlotMachine", "SlotMachine\SlotMachine.csproj", "{0190AED0-35E1-41C7-BD89-20FB2482DBC0}"
EndProject
Global
	GlobalSection(SolutionConfigurationPlatforms) = preSolution
		Debug|Any CPU = Debug|Any CPU
		Release|Any CPU = Release|Any CPU
	EndGlobalSection
	GlobalSection(ProjectConfigurationPlatforms) = postSolution
		{AFD246FB-9966-4386-AB01-6D6FD16781C5}.Debug|Any CPU.ActiveCfg = Debug|Any CPU
		{AFD246FB-9966-4386-AB01-6D6FD16781C5}.Debug|Any CPU.Build.0 = Debug|Any CPU
		{AFD246FB-9966-4386-AB01-6D6FD16781C5}.Release|Any CPU.ActiveCfg = Release|Any CPU
		{AFD246FB-9966-4386-AB01-6D6FD16781C5}.Release|Any CPU.Build.0 = Release|Any CPU
		{151440C5-5082-4A24-A408-E2A0584FFEA4}.Debug|Any CPU.ActiveCfg = Debug|Any CPU
		{151440C5-5082-4A24-A408-E2A0584FFEA4}.Debug|Any CPU.Build.0 = Debug|Any CPU
		{151440C5-5082-4A24-A408-E2A0584FFEA4}.Release|Any CPU.ActiveCfg = Release|Any CPU
		{151440C5-5082-4A24-A408-E2A0584FFEA4}.Release|Any CPU.Build.0 = Release|Any CPU
		{0190AED0-35E1-41C7-BD89-20FB2482DBC0}.Debug|Any CPU.ActiveCfg = Debug|Any CPU
		{0190AED0-35E1-41C7-BD89-20FB2482DBC0}.Debug|Any CPU.Build.0 = Debug|Any CPU
		{0190AED0-35E1-41C7-BD89-20FB2482DBC0}.Release|Any CPU.ActiveCfg = Release|Any CPU
		{0190AED0-35E1-41C7-BD89-20FB2482DBC0}.Release|Any CPU.Build.0 = Release|Any CPU
	EndGlobalSection
	GlobalSection(SolutionProperties) = preSolution
		HideSolutionNode = FALSE
	EndGlobalSection
	GlobalSection(ExtensibilityGlobals) = postSolution
		SolutionGuid = {5CB56B25-D4A4-4572-9B2A-60408EF687D6}
	EndGlobalSection
EndGlobal
